
Microsoft Visual Studio Solution File, Format Version 12.00
# Visual Studio 15
VisualStudioVersion = 15.0.28307.1022
MinimumVisualStudioVersion = 10.0.40219.1
Project("{FAE04EC0-301F-11D3-BF4B-00C04F79EFBC}") = "WinFormsColorSelector", "WinFormsColorSelector\WinFormsColorSelector.csproj", "{83BE1293-BBCF-451E-B647-DB65D5685A86}"
EndProject
Global
	GlobalSection(SolutionConfigurationPlatforms) = preSolution
		Debug|Any CPU = Debug|Any CPU
		Release|Any CPU = Release|Any CPU
	EndGlobalSection
	GlobalSection(ProjectConfigurationPlatforms) = postSolution
		{83BE1293-BBCF-451E-B647-DB65D5685A86}.Debug|Any CPU.ActiveCfg = Debug|Any CPU
		{83BE1293-BBCF-451E-B647-DB65D5685A86}.Debug|Any CPU.Build.0 = Debug|Any CPU
		{83BE1293-BBCF-451E-B647-DB65D5685A86}.Release|Any CPU.ActiveCfg = Release|Any CPU
		{83BE1293-BBCF-451E-B647-DB65D5685A86}.Release|Any CPU.Build.0 = Release|Any CPU
	EndGlobalSection
	GlobalSection(SolutionProperties) = preSolution
		HideSolutionNode = FALSE
	EndGlobalSection
	GlobalSection(ExtensibilityGlobals) = postSolution
		SolutionGuid = {7086EDDA-48BE-477C-8A93-E0984A9461E3}
	EndGlobalSection
EndGlobal
